
Microsoft Visual Studio Solution File, Format Version 12.00
# Visual Studio Version 16
VisualStudioVersion = 16.0.29503.13
MinimumVisualStudioVersion = 10.0.40219.1
Project("{FAE04EC0-301F-11D3-BF4B-00C04F79EFBC}") = "CongestionTaxCalculator_NetCore", "CongestionTaxCalculator_NetCore\CongestionTaxCalculator_NetCore.csproj", "{E29B27F7-0862-4AF9-852E-C27BBFC36E55}"
EndProject
Global
	GlobalSection(SolutionConfigurationPlatforms) = preSolution
		Debug|Any CPU = Debug|Any CPU
		Release|Any CPU = Release|Any CPU
	EndGlobalSection
	GlobalSection(ProjectConfigurationPlatforms) = postSolution
		{E29B27F7-0862-4AF9-852E-C27BBFC36E55}.Debug|Any CPU.ActiveCfg = Debug|Any CPU
		{E29B27F7-0862-4AF9-852E-C27BBFC36E55}.Debug|Any CPU.Build.0 = Debug|Any CPU
		{E29B27F7-0862-4AF9-852E-C27BBFC36E55}.Release|Any CPU.ActiveCfg = Release|Any CPU
		{E29B27F7-0862-4AF9-852E-C27BBFC36E55}.Release|Any CPU.Build.0 = Release|Any CPU
	EndGlobalSection
	GlobalSection(SolutionProperties) = preSolution
		HideSolutionNode = FALSE
	EndGlobalSection
	GlobalSection(ExtensibilityGlobals) = postSolution
		SolutionGuid = {D0301AA8-869D-4B75-9769-A0523D996998}
	EndGlobalSection
EndGlobal
